
Microsoft Visual Studio Solution File, Format Version 12.00
# Visual Studio Version 17
VisualStudioVersion = 17.4.33205.214
MinimumVisualStudioVersion = 10.0.40219.1
Project("{FAE04EC0-301F-11D3-BF4B-00C04F79EFBC}") = "MoviesMVC", "MoviesMVC.csproj", "{1CFFE703-AFD8-4B5B-A2D7-F77D83C0051A}"
EndProject
Global
	GlobalSection(SolutionConfigurationPlatforms) = preSolution
		Debug|Any CPU = Debug|Any CPU
		Release|Any CPU = Release|Any CPU
	EndGlobalSection
	GlobalSection(ProjectConfigurationPlatforms) = postSolution
		{1CFFE703-AFD8-4B5B-A2D7-F77D83C0051A}.Debug|Any CPU.ActiveCfg = Debug|Any CPU
		{1CFFE703-AFD8-4B5B-A2D7-F77D83C0051A}.Debug|Any CPU.Build.0 = Debug|Any CPU
		{1CFFE703-AFD8-4B5B-A2D7-F77D83C0051A}.Release|Any CPU.ActiveCfg = Release|Any CPU
		{1CFFE703-AFD8-4B5B-A2D7-F77D83C0051A}.Release|Any CPU.Build.0 = Release|Any CPU
	EndGlobalSection
	GlobalSection(SolutionProperties) = preSolution
		HideSolutionNode = FALSE
	EndGlobalSection
	GlobalSection(ExtensibilityGlobals) = postSolution
		SolutionGuid = {89817348-7AFD-4E52-9856-EBBD4FCABC72}
	EndGlobalSection
EndGlobal
